
Microsoft Visual Studio Solution File, Format Version 12.00
# Visual Studio 15
VisualStudioVersion = 15.0.27130.2010
MinimumVisualStudioVersion = 10.0.40219.1
Project("{FAE04EC0-301F-11D3-BF4B-00C04F79EFBC}") = "tutoring-calendar-api", "tutoring-calendar-api\tutoring-calendar-api.csproj", "{9ADFAC48-D295-43FF-8ABC-81FF896C14C3}"
EndProject
Global
	GlobalSection(SolutionConfigurationPlatforms) = preSolution
		Debug|Any CPU = Debug|Any CPU
		Release|Any CPU = Release|Any CPU
	EndGlobalSection
	GlobalSection(ProjectConfigurationPlatforms) = postSolution
		{9ADFAC48-D295-43FF-8ABC-81FF896C14C3}.Debug|Any CPU.ActiveCfg = Debug|Any CPU
		{9ADFAC48-D295-43FF-8ABC-81FF896C14C3}.Debug|Any CPU.Build.0 = Debug|Any CPU
		{9ADFAC48-D295-43FF-8ABC-81FF896C14C3}.Release|Any CPU.ActiveCfg = Release|Any CPU
		{9ADFAC48-D295-43FF-8ABC-81FF896C14C3}.Release|Any CPU.Build.0 = Release|Any CPU
	EndGlobalSection
	GlobalSection(SolutionProperties) = preSolution
		HideSolutionNode = FALSE
	EndGlobalSection
	GlobalSection(ExtensibilityGlobals) = postSolution
		SolutionGuid = {01F6B5BE-8D06-4C46-B11E-BAAFD3AAD91D}
	EndGlobalSection
EndGlobal
